
Microsoft Visual Studio Solution File, Format Version 12.00
# Visual Studio Version 17
VisualStudioVersion = 17.14.36401.2 d17.14
MinimumVisualStudioVersion = 10.0.40219.1
Project("{FAE04EC0-301F-11D3-BF4B-00C04F79EFBC}") = "DataAccess", "DataAccess\DataAccess.csproj", "{C011F572-076F-4E52-8D00-0EAC8738C462}"
EndProject
Project("{FAE04EC0-301F-11D3-BF4B-00C04F79EFBC}") = "Business", "Business\Business.csproj", "{377DC45F-AEF5-4F37-9363-1436482AF946}"
EndProject
Project("{FAE04EC0-301F-11D3-BF4B-00C04F79EFBC}") = "Entities", "Entities\Entities.csproj", "{909CC17B-A1B8-45B0-8EDD-5D6B11D378B8}"
EndProject
Project("{FAE04EC0-301F-11D3-BF4B-00C04F79EFBC}") = "ConsoleUI", "ConsoleUI\ConsoleUI.csproj", "{E752B629-12A2-4DC1-957D-60499DFA8D0B}"
EndProject
Global
	GlobalSection(SolutionConfigurationPlatforms) = preSolution
		Debug|Any CPU = Debug|Any CPU
		Release|Any CPU = Release|Any CPU
	EndGlobalSection
	GlobalSection(ProjectConfigurationPlatforms) = postSolution
		{C011F572-076F-4E52-8D00-0EAC8738C462}.Debug|Any CPU.ActiveCfg = Debug|Any CPU
		{C011F572-076F-4E52-8D00-0EAC8738C462}.Debug|Any CPU.Build.0 = Debug|Any CPU
		{C011F572-076F-4E52-8D00-0EAC8738C462}.Release|Any CPU.ActiveCfg = Release|Any CPU
		{C011F572-076F-4E52-8D00-0EAC8738C462}.Release|Any CPU.Build.0 = Release|Any CPU
		{377DC45F-AEF5-4F37-9363-1436482AF946}.Debug|Any CPU.ActiveCfg = Debug|Any CPU
		{377DC45F-AEF5-4F37-9363-1436482AF946}.Debug|Any CPU.Build.0 = Debug|Any CPU
		{377DC45F-AEF5-4F37-9363-1436482AF946}.Release|Any CPU.ActiveCfg = Release|Any CPU
		{377DC45F-AEF5-4F37-9363-1436482AF946}.Release|Any CPU.Build.0 = Release|Any CPU
		{909CC17B-A1B8-45B0-8EDD-5D6B11D378B8}.Debug|Any CPU.ActiveCfg = Debug|Any CPU
		{909CC17B-A1B8-45B0-8EDD-5D6B11D378B8}.Debug|Any CPU.Build.0 = Debug|Any CPU
		{909CC17B-A1B8-45B0-8EDD-5D6B11D378B8}.Release|Any CPU.ActiveCfg = Release|Any CPU
		{909CC17B-A1B8-45B0-8EDD-5D6B11D378B8}.Release|Any CPU.Build.0 = Release|Any CPU
		{E752B629-12A2-4DC1-957D-60499DFA8D0B}.Debug|Any CPU.ActiveCfg = Debug|Any CPU
		{E752B629-12A2-4DC1-957D-60499DFA8D0B}.Debug|Any CPU.Build.0 = Debug|Any CPU
		{E752B629-12A2-4DC1-957D-60499DFA8D0B}.Release|Any CPU.ActiveCfg = Release|Any CPU
		{E752B629-12A2-4DC1-957D-60499DFA8D0B}.Release|Any CPU.Build.0 = Release|Any CPU
	EndGlobalSection
	GlobalSection(SolutionProperties) = preSolution
		HideSolutionNode = FALSE
	EndGlobalSection
	GlobalSection(ExtensibilityGlobals) = postSolution
		SolutionGuid = {74C7EF79-CBC6-41F7-8E19-D907655500BC}
	EndGlobalSection
EndGlobal
